// !$*UTF8*$!
{
	archiveVersion = 1;
	classes = {
	};
	objectVersion = 46;
	objects = {

/* Begin PBXBuildFile section */
		F501CF361B57EBFF0071B24F /* AppDelegate.swift in Sources */ = {isa = PBXBuildFile; fileRef = F501CF351B57EBFF0071B24F /* AppDelegate.swift */; };
		F501CF381B57EBFF0071B24F /* ViewController.swift in Sources */ = {isa = PBXBuildFile; fileRef = F501CF371B57EBFF0071B24F /* ViewController.swift */; };
		F501CF3B1B57EC000071B24F /* Main.storyboard in Resources */ = {isa = PBXBuildFile; fileRef = F501CF391B57EC000071B24F /* Main.storyboard */; };
		F501CF3D1B57EC000071B24F /* Images.xcassets in Resources */ = {isa = PBXBuildFile; fileRef = F501CF3C1B57EC000071B24F /* Images.xcassets */; };
		F501CF401B57EC000071B24F /* LaunchScreen.xib in Resources */ = {isa = PBXBuildFile; fileRef = F501CF3E1B57EC000071B24F /* LaunchScreen.xib */; };
		F501CF4C1B57EC000071B24F /* FFmpegPlayerTests.swift in Sources */ = {isa = PBXBuildFile; fileRef = F501CF4B1B57EC000071B24F /* FFmpegPlayerTests.swift */; };
		F501CF661B57F7200071B24F /* libbz2.dylib in Frameworks */ = {isa = PBXBuildFile; fileRef = F501CF651B57F7200071B24F /* libbz2.dylib */; };
		F501CF681B57F7340071B24F /* libz.dylib in Frameworks */ = {isa = PBXBuildFile; fileRef = F501CF671B57F7340071B24F /* libz.dylib */; };
		F501CF6A1B57F75B0071B24F /* libiconv.dylib in Frameworks */ = {isa = PBXBuildFile; fileRef = F501CF691B57F75B0071B24F /* libiconv.dylib */; };
		F501CF6E1B5800BD0071B24F /* libavcodec.a in Frameworks */ = {isa = PBXBuildFile; fileRef = F501CF571B57F4090071B24F /* libavcodec.a */; };
		F501CF6F1B5800BD0071B24F /* libavdevice.a in Frameworks */ = {isa = PBXBuildFile; fileRef = F501CF581B57F4090071B24F /* libavdevice.a */; };
		F501CF701B5800BD0071B24F /* libavfilter.a in Frameworks */ = {isa = PBXBuildFile; fileRef = F501CF591B57F4090071B24F /* libavfilter.a */; };
		F501CF711B5800BD0071B24F /* libavformat.a in Frameworks */ = {isa = PBXBuildFile; fileRef = F501CF5A1B57F4090071B24F /* libavformat.a */; };
		F501CF721B5800BD0071B24F /* libavutil.a in Frameworks */ = {isa = PBXBuildFile; fileRef = F501CF5B1B57F4090071B24F /* libavutil.a */; };
		F501CF731B5800BD0071B24F /* libswresample.a in Frameworks */ = {isa = PBXBuildFile; fileRef = F501CF5C1B57F4090071B24F /* libswresample.a */; };
		F501CF741B5800BD0071B24F /* libswscale.a in Frameworks */ = {isa = PBXBuildFile; fileRef = F501CF5D1B57F4090071B24F /* libswscale.a */; };
		F501CF761B5904BE0071B24F /* cat.mp4 in Resources */ = {isa = PBXBuildFile; fileRef = F501CF751B5904BE0071B24F /* cat.mp4 */; };
		F5B150E91B594540008C099D /* NativeVideo.c in Sources */ = {isa = PBXBuildFile; fileRef = F5B150E71B594540008C099D /* NativeVideo.c */; };
/* End PBXBuildFile section */

/* Begin PBXContainerItemProxy section */
		F501CF461B57EC000071B24F /* PBXContainerItemProxy */ = {
			isa = PBXContainerItemProxy;
			containerPortal = F501CF281B57EBFF0071B24F /* Project object */;
			proxyType = 1;
			remoteGlobalIDString = F501CF2F1B57EBFF0071B24F;
			remoteInfo = FFmpegPlayer;
		};
/* End PBXContainerItemProxy section */

/* Begin PBXFileReference section */
		F501CF301B57EBFF0071B24F /* FFmpegPlayer.app */ = {isa = PBXFileReference; explicitFileType = wrapper.application; includeInIndex = 0; path = FFmpegPlayer.app; sourceTree = BUILT_PRODUCTS_DIR; };
		F501CF341B57EBFF0071B24F /* Info.plist */ = {isa = PBXFileReference; lastKnownFileType = text.plist.xml; path = Info.plist; sourceTree = "<group>"; };
		F501CF351B57EBFF0071B24F /* AppDelegate.swift */ = {isa = PBXFileReference; lastKnownFileType = sourcecode.swift; path = AppDelegate.swift; sourceTree = "<group>"; };
		F501CF371B57EBFF0071B24F /* ViewController.swift */ = {isa = PBXFileReference; lastKnownFileType = sourcecode.swift; path = ViewController.swift; sourceTree = "<group>"; };
		F501CF3A1B57EC000071B24F /* Base */ = {isa = PBXFileReference; lastKnownFileType = file.storyboard; name = Base; path = Base.lproj/Main.storyboard; sourceTree = "<group>"; };
		F501CF3C1B57EC000071B24F /* Images.xcassets */ = {isa = PBXFileReference; lastKnownFileType = folder.assetcatalog; path = Images.xcassets; sourceTree = "<group>"; };
		F501CF3F1B57EC000071B24F /* Base */ = {isa = PBXFileReference; lastKnownFileType = file.xib; name = Base; path = Base.lproj/LaunchScreen.xib; sourceTree = "<group>"; };
		F501CF451B57EC000071B24F /* FFmpegPlayerTests.xctest */ = {isa = PBXFileReference; explicitFileType = wrapper.cfbundle; includeInIndex = 0; path = FFmpegPlayerTests.xctest; sourceTree = BUILT_PRODUCTS_DIR; };
		F501CF4A1B57EC000071B24F /* Info.plist */ = {isa = PBXFileReference; lastKnownFileType = text.plist.xml; path = Info.plist; sourceTree = "<group>"; };
		F501CF4B1B57EC000071B24F /* FFmpegPlayerTests.swift */ = {isa = PBXFileReference; lastKnownFileType = sourcecode.swift; path = FFmpegPlayerTests.swift; sourceTree = "<group>"; };
		F501CF551B57F3F30071B24F /* FFmpeg-iOS */ = {isa = PBXFileReference; lastKnownFileType = folder; path = "FFmpeg-iOS"; sourceTree = "<group>"; };
		F501CF571B57F4090071B24F /* libavcodec.a */ = {isa = PBXFileReference; lastKnownFileType = archive.ar; name = libavcodec.a; path = "FFmpeg-iOS/lib/libavcodec.a"; sourceTree = "<group>"; };
		F501CF581B57F4090071B24F /* libavdevice.a */ = {isa = PBXFileReference; lastKnownFileType = archive.ar; name = libavdevice.a; path = "FFmpeg-iOS/lib/libavdevice.a"; sourceTree = "<group>"; };
		F501CF591B57F4090071B24F /* libavfilter.a */ = {isa = PBXFileReference; lastKnownFileType = archive.ar; name = libavfilter.a; path = "FFmpeg-iOS/lib/libavfilter.a"; sourceTree = "<group>"; };
		F501CF5A1B57F4090071B24F /* libavformat.a */ = {isa = PBXFileReference; lastKnownFileType = archive.ar; name = libavformat.a; path = "FFmpeg-iOS/lib/libavformat.a"; sourceTree = "<group>"; };
		F501CF5B1B57F4090071B24F /* libavutil.a */ = {isa = PBXFileReference; lastKnownFileType = archive.ar; name = libavutil.a; path = "FFmpeg-iOS/lib/libavutil.a"; sourceTree = "<group>"; };
		F501CF5C1B57F4090071B24F /* libswresample.a */ = {isa = PBXFileReference; lastKnownFileType = archive.ar; name = libswresample.a; path = "FFmpeg-iOS/lib/libswresample.a"; sourceTree = "<group>"; };
		F501CF5D1B57F4090071B24F /* libswscale.a */ = {isa = PBXFileReference; lastKnownFileType = archive.ar; name = libswscale.a; path = "FFmpeg-iOS/lib/libswscale.a"; sourceTree = "<group>"; };
		F501CF651B57F7200071B24F /* libbz2.dylib */ = {isa = PBXFileReference; lastKnownFileType = "compiled.mach-o.dylib"; name = libbz2.dylib; path = usr/lib/libbz2.dylib; sourceTree = SDKROOT; };
		F501CF671B57F7340071B24F /* libz.dylib */ = {isa = PBXFileReference; lastKnownFileType = "compiled.mach-o.dylib"; name = libz.dylib; path = usr/lib/libz.dylib; sourceTree = SDKROOT; };
		F501CF691B57F75B0071B24F /* libiconv.dylib */ = {isa = PBXFileReference; lastKnownFileType = "compiled.mach-o.dylib"; name = libiconv.dylib; path = usr/lib/libiconv.dylib; sourceTree = SDKROOT; };
		F501CF6B1B57F8A20071B24F /* FFmpegPlayer-Bridging-Header.h */ = {isa = PBXFileReference; lastKnownFileType = sourcecode.c.h; path = "FFmpegPlayer-Bridging-Header.h"; sourceTree = "<group>"; };
		F501CF751B5904BE0071B24F /* cat.mp4 */ = {isa = PBXFileReference; lastKnownFileType = file; path = cat.mp4; sourceTree = "<group>"; };
		F5B150E71B594540008C099D /* NativeVideo.c */ = {isa = PBXFileReference; fileEncoding = 4; lastKnownFileType = sourcecode.c.c; path = NativeVideo.c; sourceTree = "<group>"; };
		F5B150E81B594540008C099D /* NativeVideo.h */ = {isa = PBXFileReference; fileEncoding = 4; lastKnownFileType = sourcecode.c.h; path = NativeVideo.h; sourceTree = "<group>"; };
/* End PBXFileReference section */

/* Begin PBXFrameworksBuildPhase section */
		F501CF2D1B57EBFF0071B24F /* Frameworks */ = {
			isa = PBXFrameworksBuildPhase;
			buildActionMask = 2147483647;
			files = (
				F501CF6E1B5800BD0071B24F /* libavcodec.a in Frameworks */,
				F501CF6F1B5800BD0071B24F /* libavdevice.a in Frameworks */,
				F501CF701B5800BD0071B24F /* libavfilter.a in Frameworks */,
				F501CF711B5800BD0071B24F /* libavformat.a in Frameworks */,
				F501CF721B5800BD0071B24F /* libavutil.a in Frameworks */,
				F501CF731B5800BD0071B24F /* libswresample.a in Frameworks */,
				F501CF741B5800BD0071B24F /* libswscale.a in Frameworks */,
				F501CF6A1B57F75B0071B24F /* libiconv.dylib in Frameworks */,
				F501CF681B57F7340071B24F /* libz.dylib in Frameworks */,
				F501CF661B57F7200071B24F /* libbz2.dylib in Frameworks */,
			);
			runOnlyForDeploymentPostprocessing = 0;
		};
		F501CF421B57EC000071B24F /* Frameworks */ = {
			isa = PBXFrameworksBuildPhase;
			buildActionMask = 2147483647;
			files = (
			);
			runOnlyForDeploymentPostprocessing = 0;
		};
/* End PBXFrameworksBuildPhase section */

/* Begin PBXGroup section */
		F501CF271B57EBFF0071B24F = {
			isa = PBXGroup;
			children = (
				F501CF751B5904BE0071B24F /* cat.mp4 */,
				F501CF691B57F75B0071B24F /* libiconv.dylib */,
				F501CF671B57F7340071B24F /* libz.dylib */,
				F501CF651B57F7200071B24F /* libbz2.dylib */,
				F501CF571B57F4090071B24F /* libavcodec.a */,
				F501CF581B57F4090071B24F /* libavdevice.a */,
				F501CF591B57F4090071B24F /* libavfilter.a */,
				F501CF5A1B57F4090071B24F /* libavformat.a */,
				F501CF5B1B57F4090071B24F /* libavutil.a */,
				F501CF5C1B57F4090071B24F /* libswresample.a */,
				F501CF5D1B57F4090071B24F /* libswscale.a */,
				F501CF551B57F3F30071B24F /* FFmpeg-iOS */,
				F501CF321B57EBFF0071B24F /* FFmpegPlayer */,
				F501CF481B57EC000071B24F /* FFmpegPlayerTests */,
				F501CF311B57EBFF0071B24F /* Products */,
			);
			sourceTree = "<group>";
		};
		F501CF311B57EBFF0071B24F /* Products */ = {
			isa = PBXGroup;
			children = (
				F501CF301B57EBFF0071B24F /* FFmpegPlayer.app */,
				F501CF451B57EC000071B24F /* FFmpegPlayerTests.xctest */,
			);
			name = Products;
			sourceTree = "<group>";
		};
		F501CF321B57EBFF0071B24F /* FFmpegPlayer */ = {
			isa = PBXGroup;
			children = (
				F501CF351B57EBFF0071B24F /* AppDelegate.swift */,
				F501CF371B57EBFF0071B24F /* ViewController.swift */,
				F501CF391B57EC000071B24F /* Main.storyboard */,
				F501CF3C1B57EC000071B24F /* Images.xcassets */,
				F501CF3E1B57EC000071B24F /* LaunchScreen.xib */,
				F501CF331B57EBFF0071B24F /* Supporting Files */,
				F501CF6B1B57F8A20071B24F /* FFmpegPlayer-Bridging-Header.h */,
				F5B150E71B594540008C099D /* NativeVideo.c */,
				F5B150E81B594540008C099D /* NativeVideo.h */,
			);
			path = FFmpegPlayer;
			sourceTree = "<group>";
		};
		F501CF331B57EBFF0071B24F /* Supporting Files */ = {
			isa = PBXGroup;
			children = (
				F501CF341B57EBFF0071B24F /* Info.plist */,
			);
			name = "Supporting Files";
			sourceTree = "<group>";
		};
		F501CF481B57EC000071B24F /* FFmpegPlayerTests */ = {
			isa = PBXGroup;
			children = (
				F501CF4B1B57EC000071B24F /* FFmpegPlayerTests.swift */,
				F501CF491B57EC000071B24F /* Supporting Files */,
			);
			path = FFmpegPlayerTests;
			sourceTree = "<group>";
		};
		F501CF491B57EC000071B24F /* Supporting Files */ = {
			isa = PBXGroup;
			children = (
				F501CF4A1B57EC000071B24F /* Info.plist */,
			);
			name = "Supporting Files";
			sourceTree = "<group>";
		};
/* End PBXGroup section */

/* Begin PBXNativeTarget section */
		F501CF2F1B57EBFF0071B24F /* FFmpegPlayer */ = {
			isa = PBXNativeTarget;
			buildConfigurationList = F501CF4F1B57EC000071B24F /* Build configuration list for PBXNativeTarget "FFmpegPlayer" */;
			buildPhases = (
				F501CF2C1B57EBFF0071B24F /* Sources */,
				F501CF2D1B57EBFF0071B24F /* Frameworks */,
				F501CF2E1B57EBFF0071B24F /* Resources */,
			);
			buildRules = (
			);
			dependencies = (
			);
			name = FFmpegPlayer;
			productName = FFmpegPlayer;
			productReference = F501CF301B57EBFF0071B24F /* FFmpegPlayer.app */;
			productType = "com.apple.product-type.application";
		};
		F501CF441B57EC000071B24F /* FFmpegPlayerTests */ = {
			isa = PBXNativeTarget;
			buildConfigurationList = F501CF521B57EC000071B24F /* Build configuration list for PBXNativeTarget "FFmpegPlayerTests" */;
			buildPhases = (
				F501CF411B57EC000071B24F /* Sources */,
				F501CF421B57EC000071B24F /* Frameworks */,
				F501CF431B57EC000071B24F /* Resources */,
			);
			buildRules = (
			);
			dependencies = (
				F501CF471B57EC000071B24F /* PBXTargetDependency */,
			);
			name = FFmpegPlayerTests;
			productName = FFmpegPlayerTests;
			productReference = F501CF451B57EC000071B24F /* FFmpegPlayerTests.xctest */;
			productType = "com.apple.product-type.bundle.unit-test";
		};
/* End PBXNativeTarget section */

/* Begin PBXProject section */
		F501CF281B57EBFF0071B24F /* Project object */ = {
			isa = PBXProject;
			attributes = {
				LastUpgradeCheck = 0630;
				ORGANIZATIONNAME = Kentor;
				TargetAttributes = {
					F501CF2F1B57EBFF0071B24F = {
						CreatedOnToolsVersion = 6.3.2;
					};
					F501CF441B57EC000071B24F = {
						CreatedOnToolsVersion = 6.3.2;
						TestTargetID = F501CF2F1B57EBFF0071B24F;
					};
				};
			};
			buildConfigurationList = F501CF2B1B57EBFF0071B24F /* Build configuration list for PBXProject "FFmpegPlayer" */;
			compatibilityVersion = "Xcode 3.2";
			developmentRegion = English;
			hasScannedForEncodings = 0;
			knownRegions = (
				en,
				Base,
			);
			mainGroup = F501CF271B57EBFF0071B24F;
			productRefGroup = F501CF311B57EBFF0071B24F /* Products */;
			projectDirPath = "";
			projectRoot = "";
			targets = (
				F501CF2F1B57EBFF0071B24F /* FFmpegPlayer */,
				F501CF441B57EC000071B24F /* FFmpegPlayerTests */,
			);
		};
/* End PBXProject section */

/* Begin PBXResourcesBuildPhase section */
		F501CF2E1B57EBFF0071B24F /* Resources */ = {
			isa = PBXResourcesBuildPhase;
			buildActionMask = 2147483647;
			files = (
				F501CF3B1B57EC000071B24F /* Main.storyboard in Resources */,
				F501CF401B57EC000071B24F /* LaunchScreen.xib in Resources */,
				F501CF761B5904BE0071B24F /* cat.mp4 in Resources */,
				F501CF3D1B57EC000071B24F /* Images.xcassets in Resources */,
			);
			runOnlyForDeploymentPostprocessing = 0;
		};
		F501CF431B57EC000071B24F /* Resources */ = {
			isa = PBXResourcesBuildPhase;
			buildActionMask = 2147483647;
			files = (
			);
			runOnlyForDeploymentPostprocessing = 0;
		};
/* End PBXResourcesBuildPhase section */

/* Begin PBXSourcesBuildPhase section */
		F501CF2C1B57EBFF0071B24F /* Sources */ = {
			isa = PBXSourcesBuildPhase;
			buildActionMask = 2147483647;
			files = (
				F5B150E91B594540008C099D /* NativeVideo.c in Sources */,
				F501CF381B57EBFF0071B24F /* ViewController.swift in Sources */,
				F501CF361B57EBFF0071B24F /* AppDelegate.swift in Sources */,
			);
			runOnlyForDeploymentPostprocessing = 0;
		};
		F501CF411B57EC000071B24F /* Sources */ = {
			isa = PBXSourcesBuildPhase;
			buildActionMask = 2147483647;
			files = (
				F501CF4C1B57EC000071B24F /* FFmpegPlayerTests.swift in Sources */,
			);
			runOnlyForDeploymentPostprocessing = 0;
		};
/* End PBXSourcesBuildPhase section */

/* Begin PBXTargetDependency section */
		F501CF471B57EC000071B24F /* PBXTargetDependency */ = {
			isa = PBXTargetDependency;
			target = F501CF2F1B57EBFF0071B24F /* FFmpegPlayer */;
			targetProxy = F501CF461B57EC000071B24F /* PBXContainerItemProxy */;
		};
/* End PBXTargetDependency section */

/* Begin PBXVariantGroup section */
		F501CF391B57EC000071B24F /* Main.storyboard */ = {
			isa = PBXVariantGroup;
			children = (
				F501CF3A1B57EC000071B24F /* Base */,
			);
			name = Main.storyboard;
			sourceTree = "<group>";
		};
		F501CF3E1B57EC000071B24F /* LaunchScreen.xib */ = {
			isa = PBXVariantGroup;
			children = (
				F501CF3F1B57EC000071B24F /* Base */,
			);
			name = LaunchScreen.xib;
			sourceTree = "<group>";
		};
/* End PBXVariantGroup section */

/* Begin XCBuildConfiguration section */
		F501CF4D1B57EC000071B24F /* Debug */ = {
			isa = XCBuildConfiguration;
			buildSettings = {
				ALWAYS_SEARCH_USER_PATHS = NO;
				CLANG_CXX_LANGUAGE_STANDARD = "gnu++0x";
				CLANG_CXX_LIBRARY = "libc++";
				CLANG_ENABLE_MODULES = YES;
				CLANG_ENABLE_OBJC_ARC = YES;
				CLANG_WARN_BOOL_CONVERSION = YES;
				CLANG_WARN_CONSTANT_CONVERSION = YES;
				CLANG_WARN_DIRECT_OBJC_ISA_USAGE = YES_ERROR;
				CLANG_WARN_EMPTY_BODY = YES;
				CLANG_WARN_ENUM_CONVERSION = YES;
				CLANG_WARN_INT_CONVERSION = YES;
				CLANG_WARN_OBJC_ROOT_CLASS = YES_ERROR;
				CLANG_WARN_UNREACHABLE_CODE = YES;
				CLANG_WARN__DUPLICATE_METHOD_MATCH = YES;
				"CODE_SIGN_IDENTITY[sdk=iphoneos*]" = "iPhone Developer";
				COPY_PHASE_STRIP = NO;
				DEBUG_INFORMATION_FORMAT = "dwarf-with-dsym";
				ENABLE_STRICT_OBJC_MSGSEND = YES;
				GCC_C_LANGUAGE_STANDARD = gnu99;
				GCC_DYNAMIC_NO_PIC = NO;
				GCC_NO_COMMON_BLOCKS = YES;
				GCC_OPTIMIZATION_LEVEL = 0;
				GCC_PREPROCESSOR_DEFINITIONS = (
					"DEBUG=1",
					"$(inherited)",
				);
				GCC_SYMBOLS_PRIVATE_EXTERN = NO;
				GCC_WARN_64_TO_32_BIT_CONVERSION = YES;
				GCC_WARN_ABOUT_RETURN_TYPE = YES_ERROR;
				GCC_WARN_UNDECLARED_SELECTOR = YES;
				GCC_WARN_UNINITIALIZED_AUTOS = YES_AGGRESSIVE;
				GCC_WARN_UNUSED_FUNCTION = YES;
				GCC_WARN_UNUSED_VARIABLE = YES;
				IPHONEOS_DEPLOYMENT_TARGET = 8.3;
				MTL_ENABLE_DEBUG_INFO = YES;
				ONLY_ACTIVE_ARCH = YES;
				SDKROOT = iphoneos;
				SWIFT_OPTIMIZATION_LEVEL = "-Onone";
				TARGETED_DEVICE_FAMILY = "1,2";
			};
			name = Debug;
		};
		F501CF4E1B57EC000071B24F /* Release */ = {
			isa = XCBuildConfiguration;
			buildSettings = {
				ALWAYS_SEARCH_USER_PATHS = NO;
				CLANG_CXX_LANGUAGE_STANDARD = "gnu++0x";
				CLANG_CXX_LIBRARY = "libc++";
				CLANG_ENABLE_MODULES = YES;
				CLANG_ENABLE_OBJC_ARC = YES;
				CLANG_WARN_BOOL_CONVERSION = YES;
				CLANG_WARN_CONSTANT_CONVERSION = YES;
				CLANG_WARN_DIRECT_OBJC_ISA_USAGE = YES_ERROR;
				CLANG_WARN_EMPTY_BODY = YES;
				CLANG_WARN_ENUM_CONVERSION = YES;
				CLANG_WARN_INT_CONVERSION = YES;
				CLANG_WARN_OBJC_ROOT_CLASS = YES_ERROR;
				CLANG_WARN_UNREACHABLE_CODE = YES;
				CLANG_WARN__DUPLICATE_METHOD_MATCH = YES;
				"CODE_SIGN_IDENTITY[sdk=iphoneos*]" = "iPhone Developer";
				COPY_PHASE_STRIP = NO;
				DEBUG_INFORMATION_FORMAT = "dwarf-with-dsym";
				ENABLE_NS_ASSERTIONS = NO;
				ENABLE_STRICT_OBJC_MSGSEND = YES;
				GCC_C_LANGUAGE_STANDARD = gnu99;
				GCC_NO_COMMON_BLOCKS = YES;
				GCC_WARN_64_TO_32_BIT_CONVERSION = YES;
				GCC_WARN_ABOUT_RETURN_TYPE = YES_ERROR;
				GCC_WARN_UNDECLARED_SELECTOR = YES;
				GCC_WARN_UNINITIALIZED_AUTOS = YES_AGGRESSIVE;
				GCC_WARN_UNUSED_FUNCTION = YES;
				GCC_WARN_UNUSED_VARIABLE = YES;
				IPHONEOS_DEPLOYMENT_TARGET = 8.3;
				MTL_ENABLE_DEBUG_INFO = NO;
				SDKROOT = iphoneos;
				TARGETED_DEVICE_FAMILY = "1,2";
				VALIDATE_PRODUCT = YES;
			};
			name = Release;
		};
		F501CF501B57EC000071B24F /* Debug */ = {
			isa = XCBuildConfiguration;
			buildSettings = {
				ASSETCATALOG_COMPILER_APPICON_NAME = AppIcon;
				CLANG_ENABLE_MODULES = YES;
				HEADER_SEARCH_PATHS = (
					"$(inherited)",
					/Applications/Xcode.app/Contents/Developer/Toolchains/XcodeDefault.xctoolchain/usr/include,
					"$(PROJECT_DIR)/FFmpeg-iOS/include/**",
				);
				INFOPLIST_FILE = FFmpegPlayer/Info.plist;
				IPHONEOS_DEPLOYMENT_TARGET = 7.0;
				LD_RUNPATH_SEARCH_PATHS = "$(inherited) @executable_path/Frameworks";
				LIBRARY_SEARCH_PATHS = (
					"$(inherited)",
					"$(PROJECT_DIR)/FFmpeg-iOS/lib",
				);
				PRODUCT_NAME = "$(TARGET_NAME)";
				SWIFT_OBJC_BRIDGING_HEADER = "FFmpegPlayer/FFmpegPlayer-Bridging-Header.h";
				SWIFT_OPTIMIZATION_LEVEL = "-Onone";
			};
			name = Debug;
		};
		F501CF511B57EC000071B24F /* Release */ = {
			isa = XCBuildConfiguration;
			buildSettings = {
				ASSETCATALOG_COMPILER_APPICON_NAME = AppIcon;
				CLANG_ENABLE_MODULES = YES;
				HEADER_SEARCH_PATHS = (
					"$(inherited)",
					/Applications/Xcode.app/Contents/Developer/Toolchains/XcodeDefault.xctoolchain/usr/include,
					"$(PROJECT_DIR)/FFmpeg-iOS/include/**",
				);
				INFOPLIST_FILE = FFmpegPlayer/Info.plist;
				IPHONEOS_DEPLOYMENT_TARGET = 7.0;
				LD_RUNPATH_SEARCH_PATHS = "$(inherited) @executable_path/Frameworks";
				LIBRARY_SEARCH_PATHS = (
					"$(inherited)",
					"$(PROJECT_DIR)/FFmpeg-iOS/lib",
				);
				PRODUCT_NAME = "$(TARGET_NAME)";
				SWIFT_OBJC_BRIDGING_HEADER = "FFmpegPlayer/FFmpegPlayer-Bridging-Header.h";
			};
			name = Release;
		};
		F501CF531B57EC000071B24F /* Debug */ = {
			isa = XCBuildConfiguration;
			buildSettings = {
				BUNDLE_LOADER = "$(TEST_HOST)";
				FRAMEWORK_SEARCH_PATHS = (
					"$(SDKROOT)/Developer/Library/Frameworks",
					"$(inherited)",
				);
				GCC_PREPROCESSOR_DEFINITIONS = (
					"DEBUG=1",
					"$(inherited)",
				);
				INFOPLIST_FILE = FFmpegPlayerTests/Info.plist;
				LD_RUNPATH_SEARCH_PATHS = "$(inherited) @executable_path/Frameworks @loader_path/Frameworks";
				PRODUCT_NAME = "$(TARGET_NAME)";
				TEST_HOST = "$(BUILT_PRODUCTS_DIR)/FFmpegPlayer.app/FFmpegPlayer";
			};
			name = Debug;
		};
		F501CF541B57EC000071B24F /* Release */ = {
			isa = XCBuildConfiguration;
			buildSettings = {
				BUNDLE_LOADER = "$(TEST_HOST)";
				FRAMEWORK_SEARCH_PATHS = (
					"$(SDKROOT)/Developer/Library/Frameworks",
					"$(inherited)",
				);
				INFOPLIST_FILE = FFmpegPlayerTests/Info.plist;
				LD_RUNPATH_SEARCH_PATHS = "$(inherited) @executable_path/Frameworks @loader_path/Frameworks";
				PRODUCT_NAME = "$(TARGET_NAME)";
				TEST_HOST = "$(BUILT_PRODUCTS_DIR)/FFmpegPlayer.app/FFmpegPlayer";
			};
			name = Release;
		};
/* End XCBuildConfiguration section */

/* Begin XCConfigurationList section */
		F501CF2B1B57EBFF0071B24F /* Build configuration list for PBXProject "FFmpegPlayer" */ = {
			isa = XCConfigurationList;
			buildConfigurations = (
				F501CF4D1B57EC000071B24F /* Debug */,
				F501CF4E1B57EC000071B24F /* Release */,
			);
			defaultConfigurationIsVisible = 0;
			defaultConfigurationName = Release;
		};
		F501CF4F1B57EC000071B24F /* Build configuration list for PBXNativeTarget "FFmpegPlayer" */ = {
			isa = XCConfigurationList;
			buildConfigurations = (
				F501CF501B57EC000071B24F /* Debug */,
				F501CF511B57EC000071B24F /* Release */,
			);
			defaultConfigurationIsVisible = 0;
			defaultConfigurationName = Release;
		};
		F501CF521B57EC000071B24F /* Build configuration list for PBXNativeTarget "FFmpegPlayerTests" */ = {
			isa = XCConfigurationList;
			buildConfigurations = (
				F501CF531B57EC000071B24F /* Debug */,
				F501CF541B57EC000071B24F /* Release */,
			);
			defaultConfigurationIsVisible = 0;
			defaultConfigurationName = Release;
		};
/* End XCConfigurationList section */
	};
	rootObject = F501CF281B57EBFF0071B24F /* Project object */;
}
